
Microsoft Visual Studio Solution File, Format Version 12.00
# Visual Studio Version 17
VisualStudioVersion = 17.13.35828.75 d17.13
MinimumVisualStudioVersion = 10.0.40219.1
Project("{FAE04EC0-301F-11D3-BF4B-00C04F79EFBC}") = "FactorExtraction", "FactorExtraction\FactorExtraction.csproj", "{3FA3AA3C-50CE-42D1-84EF-A32E1865A7F9}"
EndProject
Global
	GlobalSection(SolutionConfigurationPlatforms) = preSolution
		Debug|Any CPU = Debug|Any CPU
		Release|Any CPU = Release|Any CPU
	EndGlobalSection
	GlobalSection(ProjectConfigurationPlatforms) = postSolution
		{3FA3AA3C-50CE-42D1-84EF-A32E1865A7F9}.Debug|Any CPU.ActiveCfg = Debug|Any CPU
		{3FA3AA3C-50CE-42D1-84EF-A32E1865A7F9}.Debug|Any CPU.Build.0 = Debug|Any CPU
		{3FA3AA3C-50CE-42D1-84EF-A32E1865A7F9}.Release|Any CPU.ActiveCfg = Release|Any CPU
		{3FA3AA3C-50CE-42D1-84EF-A32E1865A7F9}.Release|Any CPU.Build.0 = Release|Any CPU
	EndGlobalSection
	GlobalSection(SolutionProperties) = preSolution
		HideSolutionNode = FALSE
	EndGlobalSection
	GlobalSection(ExtensibilityGlobals) = postSolution
		SolutionGuid = {86E57938-3104-4D77-8874-7FF8106C2D1C}
	EndGlobalSection
EndGlobal
